
Microsoft Visual Studio Solution File, Format Version 12.00
# Visual Studio Version 16
VisualStudioVersion = 16.0.32106.194
MinimumVisualStudioVersion = 10.0.40219.1
Project("{FAE04EC0-301F-11D3-BF4B-00C04F79EFBC}") = "Starter Project", "Starter Project\Starter Project.csproj", "{7C4477DC-2AD0-450B-92A5-9BE32D1DC68E}"
EndProject
Global
	GlobalSection(SolutionConfigurationPlatforms) = preSolution
		Debug|Any CPU = Debug|Any CPU
		Release|Any CPU = Release|Any CPU
	EndGlobalSection
	GlobalSection(ProjectConfigurationPlatforms) = postSolution
		{7C4477DC-2AD0-450B-92A5-9BE32D1DC68E}.Debug|Any CPU.ActiveCfg = Debug|Any CPU
		{7C4477DC-2AD0-450B-92A5-9BE32D1DC68E}.Debug|Any CPU.Build.0 = Debug|Any CPU
		{7C4477DC-2AD0-450B-92A5-9BE32D1DC68E}.Release|Any CPU.ActiveCfg = Release|Any CPU
		{7C4477DC-2AD0-450B-92A5-9BE32D1DC68E}.Release|Any CPU.Build.0 = Release|Any CPU
	EndGlobalSection
	GlobalSection(SolutionProperties) = preSolution
		HideSolutionNode = FALSE
	EndGlobalSection
	GlobalSection(ExtensibilityGlobals) = postSolution
		SolutionGuid = {76D60080-54FA-4BD0-B6BF-1CE56379CA6F}
	EndGlobalSection
EndGlobal
